// !$*UTF8*$!
{
	archiveVersion = 1;
	classes = {
	};
	objectVersion = 50;
	objects = {

/* Begin PBXBuildFile section */
		1B1320B8206F64DD007AA01B /* AppDelegate.swift in Sources */ = {isa = PBXBuildFile; fileRef = 1B1320B7206F64DD007AA01B /* AppDelegate.swift */; };
		1B1320BA206F64DD007AA01B /* ViewController.swift in Sources */ = {isa = PBXBuildFile; fileRef = 1B1320B9206F64DD007AA01B /* ViewController.swift */; };
		1B1320BD206F64DD007AA01B /* Main.storyboard in Resources */ = {isa = PBXBuildFile; fileRef = 1B1320BB206F64DD007AA01B /* Main.storyboard */; };
		1B1320C0206F64DD007AA01B /* BravoTest.xcdatamodeld in Sources */ = {isa = PBXBuildFile; fileRef = 1B1320BE206F64DD007AA01B /* BravoTest.xcdatamodeld */; };
		1B1320C2206F64E0007AA01B /* Assets.xcassets in Resources */ = {isa = PBXBuildFile; fileRef = 1B1320C1206F64E0007AA01B /* Assets.xcassets */; };
		1B1320C5206F64E0007AA01B /* LaunchScreen.storyboard in Resources */ = {isa = PBXBuildFile; fileRef = 1B1320C3206F64E0007AA01B /* LaunchScreen.storyboard */; };
		1B1320D0206F64E0007AA01B /* BravoTestTests.swift in Sources */ = {isa = PBXBuildFile; fileRef = 1B1320CF206F64E0007AA01B /* BravoTestTests.swift */; };
		1B1320DB206F64E0007AA01B /* BravoTestUITests.swift in Sources */ = {isa = PBXBuildFile; fileRef = 1B1320DA206F64E0007AA01B /* BravoTestUITests.swift */; };
		1B1320EA206F6523007AA01B /* tab1.storyboard in Resources */ = {isa = PBXBuildFile; fileRef = 1B1320E8206F6523007AA01B /* tab1.storyboard */; };
		1B1320EC206F6537007AA01B /* tab2.storyboard in Resources */ = {isa = PBXBuildFile; fileRef = 1B1320EB206F6537007AA01B /* tab2.storyboard */; };
/* End PBXBuildFile section */

/* Begin PBXContainerItemProxy section */
		1B1320CC206F64E0007AA01B /* PBXContainerItemProxy */ = {
			isa = PBXContainerItemProxy;
			containerPortal = 1B1320AC206F64DD007AA01B /* Project object */;
			proxyType = 1;
			remoteGlobalIDString = 1B1320B3206F64DD007AA01B;
			remoteInfo = BravoTest;
		};
		1B1320D7206F64E0007AA01B /* PBXContainerItemProxy */ = {
			isa = PBXContainerItemProxy;
			containerPortal = 1B1320AC206F64DD007AA01B /* Project object */;
			proxyType = 1;
			remoteGlobalIDString = 1B1320B3206F64DD007AA01B;
			remoteInfo = BravoTest;
		};
/* End PBXContainerItemProxy section */

/* Begin PBXFileReference section */
		1B1320B4206F64DD007AA01B /* BravoTest.app */ = {isa = PBXFileReference; explicitFileType = wrapper.application; includeInIndex = 0; path = BravoTest.app; sourceTree = BUILT_PRODUCTS_DIR; };
		1B1320B7206F64DD007AA01B /* AppDelegate.swift */ = {isa = PBXFileReference; lastKnownFileType = sourcecode.swift; path = AppDelegate.swift; sourceTree = "<group>"; };
		1B1320B9206F64DD007AA01B /* ViewController.swift */ = {isa = PBXFileReference; lastKnownFileType = sourcecode.swift; path = ViewController.swift; sourceTree = "<group>"; };
		1B1320BC206F64DD007AA01B /* Base */ = {isa = PBXFileReference; lastKnownFileType = file.storyboard; name = Base; path = Base.lproj/Main.storyboard; sourceTree = "<group>"; };
		1B1320BF206F64DD007AA01B /* BravoTest.xcdatamodel */ = {isa = PBXFileReference; lastKnownFileType = wrapper.xcdatamodel; path = BravoTest.xcdatamodel; sourceTree = "<group>"; };
		1B1320C1206F64E0007AA01B /* Assets.xcassets */ = {isa = PBXFileReference; lastKnownFileType = folder.assetcatalog; path = Assets.xcassets; sourceTree = "<group>"; };
		1B1320C4206F64E0007AA01B /* Base */ = {isa = PBXFileReference; lastKnownFileType = file.storyboard; name = Base; path = Base.lproj/LaunchScreen.storyboard; sourceTree = "<group>"; };
		1B1320C6206F64E0007AA01B /* Info.plist */ = {isa = PBXFileReference; lastKnownFileType = text.plist.xml; path = Info.plist; sourceTree = "<group>"; };
		1B1320CB206F64E0007AA01B /* BravoTestTests.xctest */ = {isa = PBXFileReference; explicitFileType = wrapper.cfbundle; includeInIndex = 0; path = BravoTestTests.xctest; sourceTree = BUILT_PRODUCTS_DIR; };
		1B1320CF206F64E0007AA01B /* BravoTestTests.swift */ = {isa = PBXFileReference; lastKnownFileType = sourcecode.swift; path = BravoTestTests.swift; sourceTree = "<group>"; };
		1B1320D1206F64E0007AA01B /* Info.plist */ = {isa = PBXFileReference; lastKnownFileType = text.plist.xml; path = Info.plist; sourceTree = "<group>"; };
		1B1320D6206F64E0007AA01B /* BravoTestUITests.xctest */ = {isa = PBXFileReference; explicitFileType = wrapper.cfbundle; includeInIndex = 0; path = BravoTestUITests.xctest; sourceTree = BUILT_PRODUCTS_DIR; };
		1B1320DA206F64E0007AA01B /* BravoTestUITests.swift */ = {isa = PBXFileReference; lastKnownFileType = sourcecode.swift; path = BravoTestUITests.swift; sourceTree = "<group>"; };
		1B1320DC206F64E0007AA01B /* Info.plist */ = {isa = PBXFileReference; lastKnownFileType = text.plist.xml; path = Info.plist; sourceTree = "<group>"; };
		1B1320E9206F6523007AA01B /* Base */ = {isa = PBXFileReference; lastKnownFileType = file.storyboard; name = Base; path = BravoTest/Base.lproj/tab1.storyboard; sourceTree = "<group>"; };
		1B1320EB206F6537007AA01B /* tab2.storyboard */ = {isa = PBXFileReference; fileEncoding = 4; lastKnownFileType = file.storyboard; path = tab2.storyboard; sourceTree = "<group>"; };
/* End PBXFileReference section */

/* Begin PBXFrameworksBuildPhase section */
		1B1320B1206F64DD007AA01B /* Frameworks */ = {
			isa = PBXFrameworksBuildPhase;
			buildActionMask = 2147483647;
			files = (
			);
			runOnlyForDeploymentPostprocessing = 0;
		};
		1B1320C8206F64E0007AA01B /* Frameworks */ = {
			isa = PBXFrameworksBuildPhase;
			buildActionMask = 2147483647;
			files = (
			);
			runOnlyForDeploymentPostprocessing = 0;
		};
		1B1320D3206F64E0007AA01B /* Frameworks */ = {
			isa = PBXFrameworksBuildPhase;
			buildActionMask = 2147483647;
			files = (
			);
			runOnlyForDeploymentPostprocessing = 0;
		};
/* End PBXFrameworksBuildPhase section */

/* Begin PBXGroup section */
		1B1320AB206F64DD007AA01B = {
			isa = PBXGroup;
			children = (
				1B1320B6206F64DD007AA01B /* BravoTest */,
				1B1320CE206F64E0007AA01B /* BravoTestTests */,
				1B1320D9206F64E0007AA01B /* BravoTestUITests */,
				1B1320B5206F64DD007AA01B /* Products */,
			);
			sourceTree = "<group>";
		};
		1B1320B5206F64DD007AA01B /* Products */ = {
			isa = PBXGroup;
			children = (
				1B1320B4206F64DD007AA01B /* BravoTest.app */,
				1B1320CB206F64E0007AA01B /* BravoTestTests.xctest */,
				1B1320D6206F64E0007AA01B /* BravoTestUITests.xctest */,
			);
			name = Products;
			sourceTree = "<group>";
		};
		1B1320B6206F64DD007AA01B /* BravoTest */ = {
			isa = PBXGroup;
			children = (
				1B1320B7206F64DD007AA01B /* AppDelegate.swift */,
				1B1320B9206F64DD007AA01B /* ViewController.swift */,
				1B1320BB206F64DD007AA01B /* Main.storyboard */,
				1B1320E8206F6523007AA01B /* tab1.storyboard */,
				1B1320EB206F6537007AA01B /* tab2.storyboard */,
				1B1320C1206F64E0007AA01B /* Assets.xcassets */,
				1B1320C3206F64E0007AA01B /* LaunchScreen.storyboard */,
				1B1320C6206F64E0007AA01B /* Info.plist */,
				1B1320BE206F64DD007AA01B /* BravoTest.xcdatamodeld */,
			);
			path = BravoTest;
			sourceTree = "<group>";
		};
		1B1320CE206F64E0007AA01B /* BravoTestTests */ = {
			isa = PBXGroup;
			children = (
				1B1320CF206F64E0007AA01B /* BravoTestTests.swift */,
				1B1320D1206F64E0007AA01B /* Info.plist */,
			);
			path = BravoTestTests;
			sourceTree = "<group>";
		};
		1B1320D9206F64E0007AA01B /* BravoTestUITests */ = {
			isa = PBXGroup;
			children = (
				1B1320DA206F64E0007AA01B /* BravoTestUITests.swift */,
				1B1320DC206F64E0007AA01B /* Info.plist */,
			);
			path = BravoTestUITests;
			sourceTree = "<group>";
		};
/* End PBXGroup section */

/* Begin PBXNativeTarget section */
		1B1320B3206F64DD007AA01B /* BravoTest */ = {
			isa = PBXNativeTarget;
			buildConfigurationList = 1B1320DF206F64E0007AA01B /* Build configuration list for PBXNativeTarget "BravoTest" */;
			buildPhases = (
				1B1320B0206F64DD007AA01B /* Sources */,
				1B1320B1206F64DD007AA01B /* Frameworks */,
				1B1320B2206F64DD007AA01B /* Resources */,
			);
			buildRules = (
			);
			dependencies = (
			);
			name = BravoTest;
			productName = BravoTest;
			productReference = 1B1320B4206F64DD007AA01B /* BravoTest.app */;
			productType = "com.apple.product-type.application";
		};
		1B1320CA206F64E0007AA01B /* BravoTestTests */ = {
			isa = PBXNativeTarget;
			buildConfigurationList = 1B1320E2206F64E0007AA01B /* Build configuration list for PBXNativeTarget "BravoTestTests" */;
			buildPhases = (
				1B1320C7206F64E0007AA01B /* Sources */,
				1B1320C8206F64E0007AA01B /* Frameworks */,
				1B1320C9206F64E0007AA01B /* Resources */,
			);
			buildRules = (
			);
			dependencies = (
				1B1320CD206F64E0007AA01B /* PBXTargetDependency */,
			);
			name = BravoTestTests;
			productName = BravoTestTests;
			productReference = 1B1320CB206F64E0007AA01B /* BravoTestTests.xctest */;
			productType = "com.apple.product-type.bundle.unit-test";
		};
		1B1320D5206F64E0007AA01B /* BravoTestUITests */ = {
			isa = PBXNativeTarget;
			buildConfigurationList = 1B1320E5206F64E0007AA01B /* Build configuration list for PBXNativeTarget "BravoTestUITests" */;
			buildPhases = (
				1B1320D2206F64E0007AA01B /* Sources */,
				1B1320D3206F64E0007AA01B /* Frameworks */,
				1B1320D4206F64E0007AA01B /* Resources */,
			);
			buildRules = (
			);
			dependencies = (
				1B1320D8206F64E0007AA01B /* PBXTargetDependency */,
			);
			name = BravoTestUITests;
			productName = BravoTestUITests;
			productReference = 1B1320D6206F64E0007AA01B /* BravoTestUITests.xctest */;
			productType = "com.apple.product-type.bundle.ui-testing";
		};
/* End PBXNativeTarget section */

/* Begin PBXProject section */
		1B1320AC206F64DD007AA01B /* Project object */ = {
			isa = PBXProject;
			attributes = {
				LastSwiftUpdateCheck = 0930;
				LastUpgradeCheck = 0930;
				ORGANIZATIONNAME = "Miguel Paolo Bravo";
				TargetAttributes = {
					1B1320B3206F64DD007AA01B = {
						CreatedOnToolsVersion = 9.3;
					};
					1B1320CA206F64E0007AA01B = {
						CreatedOnToolsVersion = 9.3;
						TestTargetID = 1B1320B3206F64DD007AA01B;
					};
					1B1320D5206F64E0007AA01B = {
						CreatedOnToolsVersion = 9.3;
						TestTargetID = 1B1320B3206F64DD007AA01B;
					};
				};
			};
			buildConfigurationList = 1B1320AF206F64DD007AA01B /* Build configuration list for PBXProject "BravoTest" */;
			compatibilityVersion = "Xcode 9.3";
			developmentRegion = en;
			hasScannedForEncodings = 0;
			knownRegions = (
				en,
				Base,
			);
			mainGroup = 1B1320AB206F64DD007AA01B;
			productRefGroup = 1B1320B5206F64DD007AA01B /* Products */;
			projectDirPath = "";
			projectRoot = "";
			targets = (
				1B1320B3206F64DD007AA01B /* BravoTest */,
				1B1320CA206F64E0007AA01B /* BravoTestTests */,
				1B1320D5206F64E0007AA01B /* BravoTestUITests */,
			);
		};
/* End PBXProject section */

/* Begin PBXResourcesBuildPhase section */
		1B1320B2206F64DD007AA01B /* Resources */ = {
			isa = PBXResourcesBuildPhase;
			buildActionMask = 2147483647;
			files = (
				1B1320C5206F64E0007AA01B /* LaunchScreen.storyboard in Resources */,
				1B1320C2206F64E0007AA01B /* Assets.xcassets in Resources */,
				1B1320EA206F6523007AA01B /* tab1.storyboard in Resources */,
				1B1320BD206F64DD007AA01B /* Main.storyboard in Resources */,
				1B1320EC206F6537007AA01B /* tab2.storyboard in Resources */,
			);
			runOnlyForDeploymentPostprocessing = 0;
		};
		1B1320C9206F64E0007AA01B /* Resources */ = {
			isa = PBXResourcesBuildPhase;
			buildActionMask = 2147483647;
			files = (
			);
			runOnlyForDeploymentPostprocessing = 0;
		};
		1B1320D4206F64E0007AA01B /* Resources */ = {
			isa = PBXResourcesBuildPhase;
			buildActionMask = 2147483647;
			files = (
			);
			runOnlyForDeploymentPostprocessing = 0;
		};
/* End PBXResourcesBuildPhase section */

/* Begin PBXSourcesBuildPhase section */
		1B1320B0206F64DD007AA01B /* Sources */ = {
			isa = PBXSourcesBuildPhase;
			buildActionMask = 2147483647;
			files = (
				1B1320C0206F64DD007AA01B /* BravoTest.xcdatamodeld in Sources */,
				1B1320BA206F64DD007AA01B /* ViewController.swift in Sources */,
				1B1320B8206F64DD007AA01B /* AppDelegate.swift in Sources */,
			);
			runOnlyForDeploymentPostprocessing = 0;
		};
		1B1320C7206F64E0007AA01B /* Sources */ = {
			isa = PBXSourcesBuildPhase;
			buildActionMask = 2147483647;
			files = (
				1B1320D0206F64E0007AA01B /* BravoTestTests.swift in Sources */,
			);
			runOnlyForDeploymentPostprocessing = 0;
		};
		1B1320D2206F64E0007AA01B /* Sources */ = {
			isa = PBXSourcesBuildPhase;
			buildActionMask = 2147483647;
			files = (
				1B1320DB206F64E0007AA01B /* BravoTestUITests.swift in Sources */,
			);
			runOnlyForDeploymentPostprocessing = 0;
		};
/* End PBXSourcesBuildPhase section */

/* Begin PBXTargetDependency section */
		1B1320CD206F64E0007AA01B /* PBXTargetDependency */ = {
			isa = PBXTargetDependency;
			target = 1B1320B3206F64DD007AA01B /* BravoTest */;
			targetProxy = 1B1320CC206F64E0007AA01B /* PBXContainerItemProxy */;
		};
		1B1320D8206F64E0007AA01B /* PBXTargetDependency */ = {
			isa = PBXTargetDependency;
			target = 1B1320B3206F64DD007AA01B /* BravoTest */;
			targetProxy = 1B1320D7206F64E0007AA01B /* PBXContainerItemProxy */;
		};
/* End PBXTargetDependency section */

/* Begin PBXVariantGroup section */
		1B1320BB206F64DD007AA01B /* Main.storyboard */ = {
			isa = PBXVariantGroup;
			children = (
				1B1320BC206F64DD007AA01B /* Base */,
			);
			name = Main.storyboard;
			sourceTree = "<group>";
		};
		1B1320C3206F64E0007AA01B /* LaunchScreen.storyboard */ = {
			isa = PBXVariantGroup;
			children = (
				1B1320C4206F64E0007AA01B /* Base */,
			);
			name = LaunchScreen.storyboard;
			sourceTree = "<group>";
		};
		1B1320E8206F6523007AA01B /* tab1.storyboard */ = {
			isa = PBXVariantGroup;
			children = (
				1B1320E9206F6523007AA01B /* Base */,
			);
			name = tab1.storyboard;
			sourceTree = "<group>";
		};
/* End PBXVariantGroup section */

/* Begin XCBuildConfiguration section */
		1B1320DD206F64E0007AA01B /* Debug */ = {
			isa = XCBuildConfiguration;
			buildSettings = {
				ALWAYS_SEARCH_USER_PATHS = NO;
				CLANG_ANALYZER_NONNULL = YES;
				CLANG_ANALYZER_NUMBER_OBJECT_CONVERSION = YES_AGGRESSIVE;
				CLANG_CXX_LANGUAGE_STANDARD = "gnu++14";
				CLANG_CXX_LIBRARY = "libc++";
				CLANG_ENABLE_MODULES = YES;
				CLANG_ENABLE_OBJC_ARC = YES;
				CLANG_ENABLE_OBJC_WEAK = YES;
				CLANG_WARN_BLOCK_CAPTURE_AUTORELEASING = YES;
				CLANG_WARN_BOOL_CONVERSION = YES;
				CLANG_WARN_COMMA = YES;
				CLANG_WARN_CONSTANT_CONVERSION = YES;
				CLANG_WARN_DEPRECATED_OBJC_IMPLEMENTATIONS = YES;
				CLANG_WARN_DIRECT_OBJC_ISA_USAGE = YES_ERROR;
				CLANG_WARN_DOCUMENTATION_COMMENTS = YES;
				CLANG_WARN_EMPTY_BODY = YES;
				CLANG_WARN_ENUM_CONVERSION = YES;
				CLANG_WARN_INFINITE_RECURSION = YES;
				CLANG_WARN_INT_CONVERSION = YES;
				CLANG_WARN_NON_LITERAL_NULL_CONVERSION = YES;
				CLANG_WARN_OBJC_IMPLICIT_RETAIN_SELF = YES;
				CLANG_WARN_OBJC_LITERAL_CONVERSION = YES;
				CLANG_WARN_OBJC_ROOT_CLASS = YES_ERROR;
				CLANG_WARN_RANGE_LOOP_ANALYSIS = YES;
				CLANG_WARN_STRICT_PROTOTYPES = YES;
				CLANG_WARN_SUSPICIOUS_MOVE = YES;
				CLANG_WARN_UNGUARDED_AVAILABILITY = YES_AGGRESSIVE;
				CLANG_WARN_UNREACHABLE_CODE = YES;
				CLANG_WARN__DUPLICATE_METHOD_MATCH = YES;
				CODE_SIGN_IDENTITY = "iPhone Developer";
				COPY_PHASE_STRIP = NO;
				DEBUG_INFORMATION_FORMAT = dwarf;
				ENABLE_STRICT_OBJC_MSGSEND = YES;
				ENABLE_TESTABILITY = YES;
				GCC_C_LANGUAGE_STANDARD = gnu11;
				GCC_DYNAMIC_NO_PIC = NO;
				GCC_NO_COMMON_BLOCKS = YES;
				GCC_OPTIMIZATION_LEVEL = 0;
				GCC_PREPROCESSOR_DEFINITIONS = (
					"DEBUG=1",
					"$(inherited)",
				);
				GCC_WARN_64_TO_32_BIT_CONVERSION = YES;
				GCC_WARN_ABOUT_RETURN_TYPE = YES_ERROR;
				GCC_WARN_UNDECLARED_SELECTOR = YES;
				GCC_WARN_UNINITIALIZED_AUTOS = YES_AGGRESSIVE;
				GCC_WARN_UNUSED_FUNCTION = YES;
				GCC_WARN_UNUSED_VARIABLE = YES;
				IPHONEOS_DEPLOYMENT_TARGET = 11.3;
				MTL_ENABLE_DEBUG_INFO = YES;
				ONLY_ACTIVE_ARCH = YES;
				SDKROOT = iphoneos;
				SWIFT_ACTIVE_COMPILATION_CONDITIONS = DEBUG;
				SWIFT_OPTIMIZATION_LEVEL = "-Onone";
			};
			name = Debug;
		};
		1B1320DE206F64E0007AA01B /* Release */ = {
			isa = XCBuildConfiguration;
			buildSettings = {
				ALWAYS_SEARCH_USER_PATHS = NO;
				CLANG_ANALYZER_NONNULL = YES;
				CLANG_ANALYZER_NUMBER_OBJECT_CONVERSION = YES_AGGRESSIVE;
				CLANG_CXX_LANGUAGE_STANDARD = "gnu++14";
				CLANG_CXX_LIBRARY = "libc++";
				CLANG_ENABLE_MODULES = YES;
				CLANG_ENABLE_OBJC_ARC = YES;
				CLANG_ENABLE_OBJC_WEAK = YES;
				CLANG_WARN_BLOCK_CAPTURE_AUTORELEASING = YES;
				CLANG_WARN_BOOL_CONVERSION = YES;
				CLANG_WARN_COMMA = YES;
				CLANG_WARN_CONSTANT_CONVERSION = YES;
				CLANG_WARN_DEPRECATED_OBJC_IMPLEMENTATIONS = YES;
				CLANG_WARN_DIRECT_OBJC_ISA_USAGE = YES_ERROR;
				CLANG_WARN_DOCUMENTATION_COMMENTS = YES;
				CLANG_WARN_EMPTY_BODY = YES;
				CLANG_WARN_ENUM_CONVERSION = YES;
				CLANG_WARN_INFINITE_RECURSION = YES;
				CLANG_WARN_INT_CONVERSION = YES;
				CLANG_WARN_NON_LITERAL_NULL_CONVERSION = YES;
				CLANG_WARN_OBJC_IMPLICIT_RETAIN_SELF = YES;
				CLANG_WARN_OBJC_LITERAL_CONVERSION = YES;
				CLANG_WARN_OBJC_ROOT_CLASS = YES_ERROR;
				CLANG_WARN_RANGE_LOOP_ANALYSIS = YES;
				CLANG_WARN_STRICT_PROTOTYPES = YES;
				CLANG_WARN_SUSPICIOUS_MOVE = YES;
				CLANG_WARN_UNGUARDED_AVAILABILITY = YES_AGGRESSIVE;
				CLANG_WARN_UNREACHABLE_CODE = YES;
				CLANG_WARN__DUPLICATE_METHOD_MATCH = YES;
				CODE_SIGN_IDENTITY = "iPhone Developer";
				COPY_PHASE_STRIP = NO;
				DEBUG_INFORMATION_FORMAT = "dwarf-with-dsym";
				ENABLE_NS_ASSERTIONS = NO;
				ENABLE_STRICT_OBJC_MSGSEND = YES;
				GCC_C_LANGUAGE_STANDARD = gnu11;
				GCC_NO_COMMON_BLOCKS = YES;
				GCC_WARN_64_TO_32_BIT_CONVERSION = YES;
				GCC_WARN_ABOUT_RETURN_TYPE = YES_ERROR;
				GCC_WARN_UNDECLARED_SELECTOR = YES;
				GCC_WARN_UNINITIALIZED_AUTOS = YES_AGGRESSIVE;
				GCC_WARN_UNUSED_FUNCTION = YES;
				GCC_WARN_UNUSED_VARIABLE = YES;
				IPHONEOS_DEPLOYMENT_TARGET = 11.3;
				MTL_ENABLE_DEBUG_INFO = NO;
				SDKROOT = iphoneos;
				SWIFT_COMPILATION_MODE = wholemodule;
				SWIFT_OPTIMIZATION_LEVEL = "-O";
				VALIDATE_PRODUCT = YES;
			};
			name = Release;
		};
		1B1320E0206F64E0007AA01B /* Debug */ = {
			isa = XCBuildConfiguration;
			buildSettings = {
				ASSETCATALOG_COMPILER_APPICON_NAME = AppIcon;
				CODE_SIGN_STYLE = Automatic;
				DEVELOPMENT_TEAM = PG88282583;
				INFOPLIST_FILE = BravoTest/Info.plist;
				LD_RUNPATH_SEARCH_PATHS = (
					"$(inherited)",
					"@executable_path/Frameworks",
				);
				PRODUCT_BUNDLE_IDENTIFIER = com.mpaolobravo.BravoTest;
				PRODUCT_NAME = "$(TARGET_NAME)";
				SWIFT_VERSION = 4.0;
				TARGETED_DEVICE_FAMILY = "1,2";
			};
			name = Debug;
		};
		1B1320E1206F64E0007AA01B /* Release */ = {
			isa = XCBuildConfiguration;
			buildSettings = {
				ASSETCATALOG_COMPILER_APPICON_NAME = AppIcon;
				CODE_SIGN_STYLE = Automatic;
				DEVELOPMENT_TEAM = PG88282583;
				INFOPLIST_FILE = BravoTest/Info.plist;
				LD_RUNPATH_SEARCH_PATHS = (
					"$(inherited)",
					"@executable_path/Frameworks",
				);
				PRODUCT_BUNDLE_IDENTIFIER = com.mpaolobravo.BravoTest;
				PRODUCT_NAME = "$(TARGET_NAME)";
				SWIFT_VERSION = 4.0;
				TARGETED_DEVICE_FAMILY = "1,2";
			};
			name = Release;
		};
		1B1320E3206F64E0007AA01B /* Debug */ = {
			isa = XCBuildConfiguration;
			buildSettings = {
				ALWAYS_EMBED_SWIFT_STANDARD_LIBRARIES = YES;
				BUNDLE_LOADER = "$(TEST_HOST)";
				CODE_SIGN_STYLE = Automatic;
				DEVELOPMENT_TEAM = PG88282583;
				INFOPLIST_FILE = BravoTestTests/Info.plist;
				LD_RUNPATH_SEARCH_PATHS = (
					"$(inherited)",
					"@executable_path/Frameworks",
					"@loader_path/Frameworks",
				);
				PRODUCT_BUNDLE_IDENTIFIER = com.mpaolobravo.BravoTestTests;
				PRODUCT_NAME = "$(TARGET_NAME)";
				SWIFT_VERSION = 4.0;
				TARGETED_DEVICE_FAMILY = "1,2";
				TEST_HOST = "$(BUILT_PRODUCTS_DIR)/BravoTest.app/BravoTest";
			};
			name = Debug;
		};
		1B1320E4206F64E0007AA01B /* Release */ = {
			isa = XCBuildConfiguration;
			buildSettings = {
				ALWAYS_EMBED_SWIFT_STANDARD_LIBRARIES = YES;
				BUNDLE_LOADER = "$(TEST_HOST)";
				CODE_SIGN_STYLE = Automatic;
				DEVELOPMENT_TEAM = PG88282583;
				INFOPLIST_FILE = BravoTestTests/Info.plist;
				LD_RUNPATH_SEARCH_PATHS = (
					"$(inherited)",
					"@executable_path/Frameworks",
					"@loader_path/Frameworks",
				);
				PRODUCT_BUNDLE_IDENTIFIER = com.mpaolobravo.BravoTestTests;
				PRODUCT_NAME = "$(TARGET_NAME)";
				SWIFT_VERSION = 4.0;
				TARGETED_DEVICE_FAMILY = "1,2";
				TEST_HOST = "$(BUILT_PRODUCTS_DIR)/BravoTest.app/BravoTest";
			};
			name = Release;
		};
		1B1320E6206F64E0007AA01B /* Debug */ = {
			isa = XCBuildConfiguration;
			buildSettings = {
				ALWAYS_EMBED_SWIFT_STANDARD_LIBRARIES = YES;
				CODE_SIGN_STYLE = Automatic;
				DEVELOPMENT_TEAM = PG88282583;
				INFOPLIST_FILE = BravoTestUITests/Info.plist;
				LD_RUNPATH_SEARCH_PATHS = (
					"$(inherited)",
					"@executable_path/Frameworks",
					"@loader_path/Frameworks",
				);
				PRODUCT_BUNDLE_IDENTIFIER = com.mpaolobravo.BravoTestUITests;
				PRODUCT_NAME = "$(TARGET_NAME)";
				SWIFT_VERSION = 4.0;
				TARGETED_DEVICE_FAMILY = "1,2";
				TEST_TARGET_NAME = BravoTest;
			};
			name = Debug;
		};
		1B1320E7206F64E0007AA01B /* Release */ = {
			isa = XCBuildConfiguration;
			buildSettings = {
				ALWAYS_EMBED_SWIFT_STANDARD_LIBRARIES = YES;
				CODE_SIGN_STYLE = Automatic;
				DEVELOPMENT_TEAM = PG88282583;
				INFOPLIST_FILE = BravoTestUITests/Info.plist;
				LD_RUNPATH_SEARCH_PATHS = (
					"$(inherited)",
					"@executable_path/Frameworks",
					"@loader_path/Frameworks",
				);
				PRODUCT_BUNDLE_IDENTIFIER = com.mpaolobravo.BravoTestUITests;
				PRODUCT_NAME = "$(TARGET_NAME)";
				SWIFT_VERSION = 4.0;
				TARGETED_DEVICE_FAMILY = "1,2";
				TEST_TARGET_NAME = BravoTest;
			};
			name = Release;
		};
/* End XCBuildConfiguration section */

/* Begin XCConfigurationList section */
		1B1320AF206F64DD007AA01B /* Build configuration list for PBXProject "BravoTest" */ = {
			isa = XCConfigurationList;
			buildConfigurations = (
				1B1320DD206F64E0007AA01B /* Debug */,
				1B1320DE206F64E0007AA01B /* Release */,
			);
			defaultConfigurationIsVisible = 0;
			defaultConfigurationName = Release;
		};
		1B1320DF206F64E0007AA01B /* Build configuration list for PBXNativeTarget "BravoTest" */ = {
			isa = XCConfigurationList;
			buildConfigurations = (
				1B1320E0206F64E0007AA01B /* Debug */,
				1B1320E1206F64E0007AA01B /* Release */,
			);
			defaultConfigurationIsVisible = 0;
			defaultConfigurationName = Release;
		};
		1B1320E2206F64E0007AA01B /* Build configuration list for PBXNativeTarget "BravoTestTests" */ = {
			isa = XCConfigurationList;
			buildConfigurations = (
				1B1320E3206F64E0007AA01B /* Debug */,
				1B1320E4206F64E0007AA01B /* Release */,
			);
			defaultConfigurationIsVisible = 0;
			defaultConfigurationName = Release;
		};
		1B1320E5206F64E0007AA01B /* Build configuration list for PBXNativeTarget "BravoTestUITests" */ = {
			isa = XCConfigurationList;
			buildConfigurations = (
				1B1320E6206F64E0007AA01B /* Debug */,
				1B1320E7206F64E0007AA01B /* Release */,
			);
			defaultConfigurationIsVisible = 0;
			defaultConfigurationName = Release;
		};
/* End XCConfigurationList section */

/* Begin XCVersionGroup section */
		1B1320BE206F64DD007AA01B /* BravoTest.xcdatamodeld */ = {
			isa = XCVersionGroup;
			children = (
				1B1320BF206F64DD007AA01B /* BravoTest.xcdatamodel */,
			);
			currentVersion = 1B1320BF206F64DD007AA01B /* BravoTest.xcdatamodel */;
			path = BravoTest.xcdatamodeld;
			sourceTree = "<group>";
			versionGroupType = wrapper.xcdatamodel;
		};
/* End XCVersionGroup section */
	};
	rootObject = 1B1320AC206F64DD007AA01B /* Project object */;
}
